# This file is autogenerated, do not edit; changes may be undone by the next 'dep ensure'.


[[projects]]
  digest = "1:5c3894b2aa4d6bead0ceeea6831b305d62879c871780e7b76296ded1b004bc57"
  name = "cloud.google.com/go"
  packages = ["compute/metadata"]
  pruneopts = "UT"
  revision = "64a2037ec6be8a4b0c1d1f706ed35b428b989239"
  version = "v0.26.0"

[[projects]]
  digest = "1:0f98f59e9a2f4070d66f0c9c39561f68fcd1dc837b22a852d28d0003aebd1b1e"
  name = "github.com/boltdb/bolt"
  packages = ["."]
  pruneopts = "UT"
  revision = "2f1ce7a837dcb8da3ec595b1dac9d0632f0f99e8"
  version = "v1.3.1"

[[projects]]
  digest = "1:e04c00d619875ce5fa67180891984a9b1fadcc031af36bcd7a3509cbdad1df15"
  name = "github.com/cheggaaa/pb"
  packages = ["."]
  pruneopts = "UT"
  revision = "c112833d014c77e8bde723fd0158e3156951639f"
  version = "v2.0.6"

[[projects]]
  digest = "1:63bd62f5b57c55f0e07c9f8a76d841c7fa74905cc3cb6b8a55e923450f4bee81"
  name = "github.com/codegangsta/inject"
  packages = ["."]
  pruneopts = "UT"
  revision = "37d7f8432a3e684eef9b2edece76bdfa6ac85b39"
  version = "v1.0-rc1"

[[projects]]
  digest = "1:275990a68fda901ee42e120ee4c819118deefbfa6bc5562df4d0e9337b4a30e4"
  name = "github.com/go-martini/martini"
  packages = ["."]
  pruneopts = "UT"
  revision = "49411a5b646861ad29a6ddd5351717a0a9c49b94"
  version = "v1.0"

[[projects]]
  digest = "1:97df918963298c287643883209a2c3f642e6593379f97ab400c2a2e219ab647d"
  name = "github.com/golang/protobuf"
  packages = ["proto"]
  pruneopts = "UT"
  revision = "aa810b61a9c79d51363740d207bb46cf8e620ed5"
  version = "v1.2.0"

[[projects]]
  branch = "master"
  digest = "1:d62930aa74b06609f97f5d611cbeb06ccc7af4f380c625fe163804207d69fb4a"
  name = "github.com/martini-contrib/binding"
  packages = ["."]
  pruneopts = "UT"
  revision = "05d3e151b6cf34dacac6306226a33db68459a3b5"

[[projects]]
  digest = "1:c658e84ad3916da105a761660dcaeb01e63416c8ec7bc62256a9b411a05fcd67"
  name = "github.com/mattn/go-colorable"
  packages = ["."]
  pruneopts = "UT"
  revision = "167de6bfdfba052fa6b2d3664c8f5272e23c9072"
  version = "v0.0.9"

[[projects]]
  digest = "1:d4d17353dbd05cb52a2a52b7fe1771883b682806f68db442b436294926bbfafb"
  name = "github.com/mattn/go-isatty"
  packages = ["."]
  pruneopts = "UT"
  revision = "0360b2af4f38e8d38c7fce2a9f4e702702d73a39"
  version = "v0.0.3"

[[projects]]
  branch = "master"
  digest = "1:a6156889b651cc0bf3d9bef82b6ba8fbb9eb19aefd7bc5718357c38b67297cbc"
  name = "github.com/mxk/go-flowrate"
  packages = ["flowrate"]
  pruneopts = "UT"
  revision = "cca7078d478f8520f85629ad7c68962d31ed7682"

[[projects]]
  branch = "master"
  digest = "1:a2e7442c3cda886d4ee21e4ab678303770c8d2c91d8ac1ea1f32ead0da054410"
  name = "github.com/odeke-em/cache"
  packages = ["."]
  pruneopts = "UT"
  revision = "baf8e436bc97557118cb0bf118ab8ac6aeeda381"

[[projects]]
  branch = "master"
  digest = "1:415814f42773c006e34fed27568c099d7345704af8b7dfe61f5a8e314936c800"
  name = "github.com/odeke-em/cli-spinner"
  packages = ["."]
  pruneopts = "UT"
  revision = "610063bb4aeef25f7645b3e6080456655ec0fb33"

[[projects]]
  branch = "master"
  digest = "1:e5abb4ca1b73e8f3852faf67bfafcfffead2fd36bdb77fb2541ff5ae2276bea9"
  name = "github.com/odeke-em/command"
  packages = ["."]
  pruneopts = "UT"
  revision = "91ca5ec5e9a1bc2668b1ccbe0967e04a349e3561"

[[projects]]
  digest = "1:5ba31819052d03be24474a07eb636a7665807d9708f222eb416a26dc36624542"
  name = "github.com/odeke-em/drive"
  packages = [
    "config",
    "gen",
    "src",
    "src/dcrypto",
    "src/dcrypto/v1",
  ]
  pruneopts = "UT"
  revision = "a9f53bc4cc9d9d2eada836602ad4b4a7902424a6"
  version = "v0.3.9"

[[projects]]
  branch = "master"
  digest = "1:d71883c414da2a03c621e60182fe20f4b6aa9e9013164c47fb0142fc7039b90a"
  name = "github.com/odeke-em/exponential-backoff"
  packages = ["."]
  pruneopts = "UT"
  revision = "96e25d36ae36ad09ac02cbfe653b44c4043a8e09"

[[projects]]
  branch = "master"
  digest = "1:4f6b36f6e3fe7c5ddcbc87c499dfcecdfb3e757cfa49ed0596e762f54d39c0c4"
  name = "github.com/odeke-em/extractor"
  packages = ["."]
  pruneopts = "UT"
  revision = "801861aedb854c7ac5e1329e9713023e9dc2b4d4"

[[projects]]
  branch = "master"
  digest = "1:3a3c34c8aafe2e37c9b143c1bc877c075f80a413c15ea3df13eec32d8095a0c8"
  name = "github.com/odeke-em/go-utils"
  packages = [
    "fread",
    "pkger/src",
    "tmpfile",
  ]
  pruneopts = "UT"
  revision = "e8ebaed0777a55fa09937617a157dd51386136c2"

[[projects]]
  branch = "master"
  digest = "1:87083c153d772b81829fba0b7c4397d3002e15b23c190f7d0e7d31797e813e59"
  name = "github.com/odeke-em/go-uuid"
  packages = ["."]
  pruneopts = "UT"
  revision = "b211d769a9aaba5b2b8bdbab5de3c227116f3c39"

[[projects]]
  branch = "master"
  digest = "1:dbcd352f6b5b96d11dc5ac3bdf9968f0ab714c381bf98ff46315293276498d13"
  name = "github.com/odeke-em/log"
  packages = ["."]
  pruneopts = "UT"
  revision = "8d60a6917853243fd746612e6ba47843a794fa82"

[[projects]]
  branch = "master"
  digest = "1:d025a2dd53fd3e402b15f916e407bbabb4d4b8c90c256e298d79697850483cb0"
  name = "github.com/odeke-em/meddler"
  packages = ["."]
  pruneopts = "UT"
  revision = "d2b51d2b40e786ab5f810d85e65b96404cf33570"

[[projects]]
  branch = "master"
  digest = "1:d9f3ca5cb31ce7fc3634ae5b865be703f057cede641c63579d1ceba535f50540"
  name = "github.com/odeke-em/namespace"
  packages = ["."]
  pruneopts = "UT"
  revision = "0ab79ba44f1328b1ec75ea985ad5c338ba3d56a6"

[[projects]]
  branch = "master"
  digest = "1:173b4323cc759842dc680329fd35a082ed40de5e4591c1e79c13824bf7361249"
  name = "github.com/odeke-em/pretty-words"
  packages = ["."]
  pruneopts = "UT"
  revision = "9d37a7fcb4ae6f94b288d371938482994458cecb"

[[projects]]
  branch = "master"
  digest = "1:1c89262d5a082a3f01af56f4535aaea681b23572e780dbe1494c8aa25f2cf751"
  name = "github.com/odeke-em/ripper"
  packages = ["src"]
  pruneopts = "UT"
  revision = "bd1a682568fcb8a480b977bb5851452fc04f9ccb"

[[projects]]
  branch = "master"
  digest = "1:d07331ff483ba12811a44cb55974bcc31dab8e438ca486d6ab0e358379db61eb"
  name = "github.com/odeke-em/rsc"
  packages = [
    "gf256",
    "qr",
    "qr/coding",
  ]
  pruneopts = "UT"
  revision = "6ad75e1e26192f3d140b6486deb99c9dbd289846"

[[projects]]
  branch = "master"
  digest = "1:46abd179d42f29cd2b09db7c3ad324cf77eb603fb480e6cddb0d542af4c167d6"
  name = "github.com/odeke-em/semalim"
  packages = ["."]
  pruneopts = "UT"
  revision = "9c88bf5f9156ed06ec5110a705d41b8580fd96f7"

[[projects]]
  branch = "master"
  digest = "1:04c66e2a489858862817efce026535fd2a93bfe51ced32333b7be8c3c0b788b0"
  name = "github.com/odeke-em/statos"
  packages = ["."]
  pruneopts = "UT"
  revision = "292960a201e2310a667eac7796f4e11cd51021a3"

[[projects]]
  branch = "master"
  digest = "1:39853e1ae46a02816e2419e1f590e00682b1a6b60bb988597cf2efb84314da45"
  name = "github.com/skratchdot/open-golang"
  packages = ["open"]
  pruneopts = "UT"
  revision = "75fb7ed4208cf72d323d7d02fd1a5964a7a9073c"

[[projects]]
  branch = "master"
  digest = "1:6821bdf5fd1822feef766cc899a293cfadae430feb926dd42cd19cb0a9970f61"
  name = "golang.org/x/crypto"
  packages = [
    "pbkdf2",
    "scrypt",
  ]
  pruneopts = "UT"
  revision = "614d502a4dac94afa3a6ce146bd1736da82514c6"

[[projects]]
  branch = "master"
  digest = "1:ce1f391e0e8c5e3c635dc2c712b037a2d0fd4241cc5648f23ca071565dd385f2"
  name = "golang.org/x/net"
  packages = [
    "context",
    "context/ctxhttp",
  ]
  pruneopts = "UT"
  revision = "922f4815f713f213882e8ef45e0d315b164d705c"

[[projects]]
  branch = "master"
  digest = "1:173ffd18217f745dd26b8b7f4b2206354608b61509adf8276270b72b9a4c0178"
  name = "golang.org/x/oauth2"
  packages = [
    ".",
    "google",
    "internal",
    "jws",
    "jwt",
  ]
  pruneopts = "UT"
  revision = "f720f1faee02c1fb456408c22886169405f239aa"

[[projects]]
  branch = "master"
  digest = "1:a3f00ac457c955fe86a41e1495e8f4c54cb5399d609374c5cc26aa7d72e542c8"
  name = "golang.org/x/sys"
  packages = ["unix"]
  pruneopts = "UT"
  revision = "3b58ed4ad3395d483fc92d5d14123ce2c3581fec"

[[projects]]
  branch = "master"
  digest = "1:7a22d02fb57addc6bb4440bb1a296a8b8d8e925f28da83989f5cff0f1d7de6e4"
  name = "google.golang.org/api"
  packages = [
    "drive/v2",
    "gensupport",
    "googleapi",
    "googleapi/internal/uritemplates",
  ]
  pruneopts = "UT"
  revision = "e21acd801f91da814261b938941d193bb036441a"

[[projects]]
  digest = "1:10eab6a94bbd813a6f162c1a89676b62b2d6c214190d1529ae2ebbde3c9e24b9"
  name = "google.golang.org/appengine"
  packages = [
    ".",
    "internal",
    "internal/app_identity",
    "internal/base",
    "internal/datastore",
    "internal/log",
    "internal/modules",
    "internal/remote_api",
    "internal/urlfetch",
    "urlfetch",
  ]
  pruneopts = "UT"
  revision = "b1f26356af11148e710935ed1ac8a7f5702c7612"
  version = "v1.1.0"

[[projects]]
  digest = "1:e626376fab8608a972d47e91b3c1bbbddaecaf1d42b82be6dcc52d10a7557893"
  name = "gopkg.in/VividCortex/ewma.v1"
  packages = ["."]
  pruneopts = "UT"
  revision = "b24eb346a94c3ba12c1da1e564dbac1b498a77ce"
  version = "v1.1.1"

[[projects]]
  digest = "1:256938e7d43c73bd5e7bb97dd281d1ebe294b2928403ee1fbec96249915d1150"
  name = "gopkg.in/cheggaaa/pb.v2"
  packages = ["termutil"]
  pruneopts = "UT"
  revision = "c112833d014c77e8bde723fd0158e3156951639f"
  version = "v2.0.6"

[[projects]]
  digest = "1:865079840386857c809b72ce300be7580cb50d3d3129ce11bf9aa6ca2bc1934a"
  name = "gopkg.in/fatih/color.v1"
  packages = ["."]
  pruneopts = "UT"
  revision = "5b77d2a35fb0ede96d138fc9a99f5c9b6aef11b4"
  version = "v1.7.0"

[[projects]]
  digest = "1:c658e84ad3916da105a761660dcaeb01e63416c8ec7bc62256a9b411a05fcd67"
  name = "gopkg.in/mattn/go-colorable.v0"
  packages = ["."]
  pruneopts = "UT"
  revision = "167de6bfdfba052fa6b2d3664c8f5272e23c9072"
  version = "v0.0.9"

[[projects]]
  digest = "1:d4d17353dbd05cb52a2a52b7fe1771883b682806f68db442b436294926bbfafb"
  name = "gopkg.in/mattn/go-isatty.v0"
  packages = ["."]
  pruneopts = "UT"
  revision = "0360b2af4f38e8d38c7fce2a9f4e702702d73a39"
  version = "v0.0.3"

[[projects]]
  digest = "1:cdb899c199f907ac9fb50495ec71212c95cb5b0e0a8ee0800da0238036091033"
  name = "gopkg.in/mattn/go-runewidth.v0"
  packages = ["."]
  pruneopts = "UT"
  revision = "ce7b0b5c7b45a81508558cd1dba6bb1e4ddb51bb"
  version = "v0.0.3"

[solve-meta]
  analyzer-name = "dep"
  analyzer-version = 1
  input-imports = [
    "github.com/boltdb/bolt",
    "github.com/cheggaaa/pb",
    "github.com/go-martini/martini",
    "github.com/martini-contrib/binding",
    "github.com/mattn/go-isatty",
    "github.com/mxk/go-flowrate/flowrate",
    "github.com/odeke-em/cache",
    "github.com/odeke-em/cli-spinner",
    "github.com/odeke-em/command",
    "github.com/odeke-em/drive/config",
    "github.com/odeke-em/drive/gen",
    "github.com/odeke-em/drive/src",
    "github.com/odeke-em/drive/src/dcrypto",
    "github.com/odeke-em/drive/src/dcrypto/v1",
    "github.com/odeke-em/exponential-backoff",
    "github.com/odeke-em/extractor",
    "github.com/odeke-em/go-utils/pkger/src",
    "github.com/odeke-em/go-utils/tmpfile",
    "github.com/odeke-em/log",
    "github.com/odeke-em/meddler",
    "github.com/odeke-em/namespace",
    "github.com/odeke-em/pretty-words",
    "github.com/odeke-em/ripper/src",
    "github.com/odeke-em/rsc/qr",
    "github.com/odeke-em/semalim",
    "github.com/odeke-em/statos",
    "github.com/skratchdot/open-golang/open",
    "golang.org/x/crypto/scrypt",
    "golang.org/x/net/context",
    "golang.org/x/oauth2",
    "golang.org/x/oauth2/google",
    "golang.org/x/oauth2/jwt",
    "google.golang.org/api/drive/v2",
    "google.golang.org/api/googleapi",
  ]
  solver-name = "gps-cdcl"
  solver-version = 1
